
Microsoft Visual Studio Solution File, Format Version 12.00
# Visual Studio Version 16
VisualStudioVersion = 25.0.1706.14
MinimumVisualStudioVersion = 10.0.40219.1
Project("{FAE04EC0-301F-11D3-BF4B-00C04F79EFBC}") = "AVoider", "AVoider.csproj", "{01DA6C90-F8CC-4EFE-BEC7-4748ACF1321D}"
EndProject
Global
	GlobalSection(SolutionConfigurationPlatforms) = preSolution
		Debug|Any CPU = Debug|Any CPU
		Release|Any CPU = Release|Any CPU
	EndGlobalSection
	GlobalSection(ProjectConfigurationPlatforms) = postSolution
		{01DA6C90-F8CC-4EFE-BEC7-4748ACF1321D}.Debug|Any CPU.ActiveCfg = Debug|Any CPU
		{01DA6C90-F8CC-4EFE-BEC7-4748ACF1321D}.Debug|Any CPU.Build.0 = Debug|Any CPU
		{01DA6C90-F8CC-4EFE-BEC7-4748ACF1321D}.Release|Any CPU.ActiveCfg = Release|Any CPU
		{01DA6C90-F8CC-4EFE-BEC7-4748ACF1321D}.Release|Any CPU.Build.0 = Release|Any CPU
	EndGlobalSection
	GlobalSection(SolutionProperties) = preSolution
		HideSolutionNode = FALSE
	EndGlobalSection
	GlobalSection(ExtensibilityGlobals) = postSolution
		SolutionGuid = {ED27A8E5-94A4-42A1-8BFE-0E03297BA260}
	EndGlobalSection
EndGlobal
